
Microsoft Visual Studio Solution File, Format Version 12.00
# Visual Studio Version 17
VisualStudioVersion = 17.1.32210.238
MinimumVisualStudioVersion = 10.0.40219.1
Project("{FAE04EC0-301F-11D3-BF4B-00C04F79EFBC}") = "ShoppingCart", "ShoppingCart.csproj", "{EC8A3BD1-D937-42A9-AAE5-743516776545}"
EndProject
Project("{FAE04EC0-301F-11D3-BF4B-00C04F79EFBC}") = "ShoppingCart.Model", "..\ShoppingCart.Model\ShoppingCart.Model.csproj", "{29F790D0-4C9A-4A15-82C0-09ADF05C46F0}"
EndProject
Project("{FAE04EC0-301F-11D3-BF4B-00C04F79EFBC}") = "ShoppingCart.DataAccess", "..\ShoppingCart.DataAccess\ShoppingCart.DataAccess.csproj", "{9B3503AD-A4BB-4D4F-AA95-EDEC4925453D}"
EndProject
Project("{FAE04EC0-301F-11D3-BF4B-00C04F79EFBC}") = "ShoppingCart.Utility", "..\ShoppingCart.Utility\ShoppingCart.Utility.csproj", "{B9E0E4EE-CD8F-471D-8568-5CC9EEE2A7BC}"
EndProject
Global
	GlobalSection(SolutionConfigurationPlatforms) = preSolution
		Debug|Any CPU = Debug|Any CPU
		Release|Any CPU = Release|Any CPU
	EndGlobalSection
	GlobalSection(ProjectConfigurationPlatforms) = postSolution
		{EC8A3BD1-D937-42A9-AAE5-743516776545}.Debug|Any CPU.ActiveCfg = Debug|Any CPU
		{EC8A3BD1-D937-42A9-AAE5-743516776545}.Debug|Any CPU.Build.0 = Debug|Any CPU
		{EC8A3BD1-D937-42A9-AAE5-743516776545}.Release|Any CPU.ActiveCfg = Release|Any CPU
		{EC8A3BD1-D937-42A9-AAE5-743516776545}.Release|Any CPU.Build.0 = Release|Any CPU
		{29F790D0-4C9A-4A15-82C0-09ADF05C46F0}.Debug|Any CPU.ActiveCfg = Debug|Any CPU
		{29F790D0-4C9A-4A15-82C0-09ADF05C46F0}.Debug|Any CPU.Build.0 = Debug|Any CPU
		{29F790D0-4C9A-4A15-82C0-09ADF05C46F0}.Release|Any CPU.ActiveCfg = Release|Any CPU
		{29F790D0-4C9A-4A15-82C0-09ADF05C46F0}.Release|Any CPU.Build.0 = Release|Any CPU
		{9B3503AD-A4BB-4D4F-AA95-EDEC4925453D}.Debug|Any CPU.ActiveCfg = Debug|Any CPU
		{9B3503AD-A4BB-4D4F-AA95-EDEC4925453D}.Debug|Any CPU.Build.0 = Debug|Any CPU
		{9B3503AD-A4BB-4D4F-AA95-EDEC4925453D}.Release|Any CPU.ActiveCfg = Release|Any CPU
		{9B3503AD-A4BB-4D4F-AA95-EDEC4925453D}.Release|Any CPU.Build.0 = Release|Any CPU
		{B9E0E4EE-CD8F-471D-8568-5CC9EEE2A7BC}.Debug|Any CPU.ActiveCfg = Debug|Any CPU
		{B9E0E4EE-CD8F-471D-8568-5CC9EEE2A7BC}.Debug|Any CPU.Build.0 = Debug|Any CPU
		{B9E0E4EE-CD8F-471D-8568-5CC9EEE2A7BC}.Release|Any CPU.ActiveCfg = Release|Any CPU
		{B9E0E4EE-CD8F-471D-8568-5CC9EEE2A7BC}.Release|Any CPU.Build.0 = Release|Any CPU
	EndGlobalSection
	GlobalSection(SolutionProperties) = preSolution
		HideSolutionNode = FALSE
	EndGlobalSection
	GlobalSection(ExtensibilityGlobals) = postSolution
		SolutionGuid = {6384F562-73E7-4595-84A9-E514F056016D}
	EndGlobalSection
EndGlobal
